{
  "name": "Gridz",
  "lockfileVersion": 2,
  "requires": true,
  "packages": {
    "": {
      "devDependencies": {
        "prettier-plugin-css-grid": "^0.1.2"
      }
    },
    "node_modules/@types/postcss-less": {
      "version": "4.0.2",
      "resolved": "https://registry.npmjs.org/@types/postcss-less/-/postcss-less-4.0.2.tgz",
      "integrity": "sha512-qDpf8D7RYupncwCFiVeyeDrDExzXJGZ7Km6I1LLeAvd+1bH6KhhWBZGxdysB1oJQdjCajXxakjK7pFiC7uBbEA==",
      "dev": true,
      "dependencies": {
        "postcss": "^8.1.2"
      }
    },
    "node_modules/format-css-grid": {
      "version": "0.1.0",
      "resolved": "https://registry.npmjs.org/format-css-grid/-/format-css-grid-0.1.0.tgz",
      "integrity": "sha512-lQQicKwJCJ6Qtj9ubUCIPn0+kBYhGoZZ1Awbo0hJYFRhWIk4szcx7kz0gKCMk1wOUR5vGNKMGMuJM7hqEMapBg==",
      "dev": true,
      "dependencies": {
        "postcss-value-parser": "^4.2.0"
      },
      "engines": {
        "node": ">= 12"
      }
    },
    "node_modules/nanoid": {
      "version": "3.3.4",
      "resolved": "https://registry.npmjs.org/nanoid/-/nanoid-3.3.4.tgz",
      "integrity": "sha512-MqBkQh/OHTS2egovRtLk45wEyNXwF+cokD+1YPf9u5VfJiRdAiRwB2froX5Co9Rh20xs4siNPm8naNotSD6RBw==",
      "dev": true,
      "bin": {
        "nanoid": "bin/nanoid.cjs"
      },
      "engines": {
        "node": "^10 || ^12 || ^13.7 || ^14 || >=15.0.1"
      }
    },
    "node_modules/picocolors": {
      "version": "1.0.0",
      "resolved": "https://registry.npmjs.org/picocolors/-/picocolors-1.0.0.tgz",
      "integrity": "sha512-1fygroTLlHu66zi26VoTDv8yRgm0Fccecssto+MhsZ0D/DGW2sm8E8AjW7NU5VVTRt5GxbeZ5qBuJr+HyLYkjQ==",
      "dev": true
    },
    "node_modules/postcss": {
      "version": "8.4.14",
      "resolved": "https://registry.npmjs.org/postcss/-/postcss-8.4.14.tgz",
      "integrity": "sha512-E398TUmfAYFPBSdzgeieK2Y1+1cpdxJx8yXbK/m57nRhKSmk1GB2tO4lbLBtlkfPQTDKfe4Xqv1ASWPpayPEig==",
      "dev": true,
      "funding": [
        {
          "type": "opencollective",
          "url": "https://opencollective.com/postcss/"
        },
        {
          "type": "tidelift",
          "url": "https://tidelift.com/funding/github/npm/postcss"
        }
      ],
      "dependencies": {
        "nanoid": "^3.3.4",
        "picocolors": "^1.0.0",
        "source-map-js": "^1.0.2"
      },
      "engines": {
        "node": "^10 || ^12 || >=14"
      }
    },
    "node_modules/postcss-css-grid": {
      "version": "0.0.2",
      "resolved": "https://registry.npmjs.org/postcss-css-grid/-/postcss-css-grid-0.0.2.tgz",
      "integrity": "sha512-lLGai0DZegeEAYVJ8IPbPuXeginymwIDXndSR4aT6nnCx1/TedIeUEAx7oHxWMqbCc/PR0uSi/qQIwPb8PX0Jg==",
      "dev": true,
      "dependencies": {
        "format-css-grid": "^0.1.0"
      },
      "engines": {
        "node": ">=12.0.0"
      },
      "peerDependencies": {
        "postcss": "^8.3.0"
      }
    },
    "node_modules/postcss-less": {
      "version": "5.0.0",
      "resolved": "https://registry.npmjs.org/postcss-less/-/postcss-less-5.0.0.tgz",
      "integrity": "sha512-djK6NlApALJeBnNx7CzLatq64eMF3BCyzBH+faYPxrvNHHM/YCimJ6XQkgWgtim2G89EzdQG4Ed0lGNCXPfD7A==",
      "dev": true,
      "engines": {
        "node": ">=12"
      }
    },
    "node_modules/postcss-scss": {
      "version": "4.0.4",
      "resolved": "https://registry.npmjs.org/postcss-scss/-/postcss-scss-4.0.4.tgz",
      "integrity": "sha512-aBBbVyzA8b3hUL0MGrpydxxXKXFZc5Eqva0Q3V9qsBOLEMsjb6w49WfpsoWzpEgcqJGW4t7Rio8WXVU9Gd8vWg==",
      "dev": true,
      "engines": {
        "node": ">=12.0"
      },
      "funding": {
        "type": "opencollective",
        "url": "https://opencollective.com/postcss/"
      },
      "peerDependencies": {
        "postcss": "^8.3.3"
      }
    },
    "node_modules/postcss-value-parser": {
      "version": "4.2.0",
      "resolved": "https://registry.npmjs.org/postcss-value-parser/-/postcss-value-parser-4.2.0.tgz",
      "integrity": "sha512-1NNCs6uurfkVbeXG4S8JFT9t19m45ICnif8zWLd5oPSZ50QnwMfK+H3jv408d4jw/7Bttv5axS5IiHoLaVNHeQ==",
      "dev": true
    },
    "node_modules/prettier-plugin-css-grid": {
      "version": "0.1.2",
      "resolved": "https://registry.npmjs.org/prettier-plugin-css-grid/-/prettier-plugin-css-grid-0.1.2.tgz",
      "integrity": "sha512-/HhhwgC1BJzXkwFl0Bb33difsa1EAil4Bnuq0kWApCLVCRjUfsHPVqxKqvzncRwIhYDRX9aft8Rpb0UvF1hrPA==",
      "dev": true,
      "dependencies": {
        "@types/postcss-less": "^4.0.1",
        "postcss": "^8.4.4",
        "postcss-css-grid": "^0.0.2",
        "postcss-less": "^5.0.0",
        "postcss-scss": "^4.0.2"
      },
      "engines": {
        "node": ">= 12"
      },
      "peerDependencies": {
        "prettier": "^2.0.0"
      }
    },
    "node_modules/source-map-js": {
      "version": "1.0.2",
      "resolved": "https://registry.npmjs.org/source-map-js/-/source-map-js-1.0.2.tgz",
      "integrity": "sha512-R0XvVJ9WusLiqTCEiGCmICCMplcCkIwwR11mOSD9CR5u+IXYdiseeEuXCVAjS54zqwkLcPNnmU4OeJ6tUrWhDw==",
      "dev": true,
      "engines": {
        "node": ">=0.10.0"
      }
    }
  },
  "dependencies": {
    "@types/postcss-less": {
      "version": "4.0.2",
      "resolved": "https://registry.npmjs.org/@types/postcss-less/-/postcss-less-4.0.2.tgz",
      "integrity": "sha512-qDpf8D7RYupncwCFiVeyeDrDExzXJGZ7Km6I1LLeAvd+1bH6KhhWBZGxdysB1oJQdjCajXxakjK7pFiC7uBbEA==",
      "dev": true,
      "requires": {
        "postcss": "^8.1.2"
      }
    },
    "format-css-grid": {
      "version": "0.1.0",
      "resolved": "https://registry.npmjs.org/format-css-grid/-/format-css-grid-0.1.0.tgz",
      "integrity": "sha512-lQQicKwJCJ6Qtj9ubUCIPn0+kBYhGoZZ1Awbo0hJYFRhWIk4szcx7kz0gKCMk1wOUR5vGNKMGMuJM7hqEMapBg==",
      "dev": true,
      "requires": {
        "postcss-value-parser": "^4.2.0"
      }
    },
    "nanoid": {
      "version": "3.3.4",
      "resolved": "https://registry.npmjs.org/nanoid/-/nanoid-3.3.4.tgz",
      "integrity": "sha512-MqBkQh/OHTS2egovRtLk45wEyNXwF+cokD+1YPf9u5VfJiRdAiRwB2froX5Co9Rh20xs4siNPm8naNotSD6RBw==",
      "dev": true
    },
    "picocolors": {
      "version": "1.0.0",
      "resolved": "https://registry.npmjs.org/picocolors/-/picocolors-1.0.0.tgz",
      "integrity": "sha512-1fygroTLlHu66zi26VoTDv8yRgm0Fccecssto+MhsZ0D/DGW2sm8E8AjW7NU5VVTRt5GxbeZ5qBuJr+HyLYkjQ==",
      "dev": true
    },
    "postcss": {
      "version": "8.4.14",
      "resolved": "https://registry.npmjs.org/postcss/-/postcss-8.4.14.tgz",
      "integrity": "sha512-E398TUmfAYFPBSdzgeieK2Y1+1cpdxJx8yXbK/m57nRhKSmk1GB2tO4lbLBtlkfPQTDKfe4Xqv1ASWPpayPEig==",
      "dev": true,
      "requires": {
        "nanoid": "^3.3.4",
        "picocolors": "^1.0.0",
        "source-map-js": "^1.0.2"
      }
    },
    "postcss-css-grid": {
      "version": "0.0.2",
      "resolved": "https://registry.npmjs.org/postcss-css-grid/-/postcss-css-grid-0.0.2.tgz",
      "integrity": "sha512-lLGai0DZegeEAYVJ8IPbPuXeginymwIDXndSR4aT6nnCx1/TedIeUEAx7oHxWMqbCc/PR0uSi/qQIwPb8PX0Jg==",
      "dev": true,
      "requires": {
        "format-css-grid": "^0.1.0"
      }
    },
    "postcss-less": {
      "version": "5.0.0",
      "resolved": "https://registry.npmjs.org/postcss-less/-/postcss-less-5.0.0.tgz",
      "integrity": "sha512-djK6NlApALJeBnNx7CzLatq64eMF3BCyzBH+faYPxrvNHHM/YCimJ6XQkgWgtim2G89EzdQG4Ed0lGNCXPfD7A==",
      "dev": true
    },
    "postcss-scss": {
      "version": "4.0.4",
      "resolved": "https://registry.npmjs.org/postcss-scss/-/postcss-scss-4.0.4.tgz",
      "integrity": "sha512-aBBbVyzA8b3hUL0MGrpydxxXKXFZc5Eqva0Q3V9qsBOLEMsjb6w49WfpsoWzpEgcqJGW4t7Rio8WXVU9Gd8vWg==",
      "dev": true
    },
    "postcss-value-parser": {
      "version": "4.2.0",
      "resolved": "https://registry.npmjs.org/postcss-value-parser/-/postcss-value-parser-4.2.0.tgz",
      "integrity": "sha512-1NNCs6uurfkVbeXG4S8JFT9t19m45ICnif8zWLd5oPSZ50QnwMfK+H3jv408d4jw/7Bttv5axS5IiHoLaVNHeQ==",
      "dev": true
    },
    "prettier-plugin-css-grid": {
      "version": "0.1.2",
      "resolved": "https://registry.npmjs.org/prettier-plugin-css-grid/-/prettier-plugin-css-grid-0.1.2.tgz",
      "integrity": "sha512-/HhhwgC1BJzXkwFl0Bb33difsa1EAil4Bnuq0kWApCLVCRjUfsHPVqxKqvzncRwIhYDRX9aft8Rpb0UvF1hrPA==",
      "dev": true,
      "requires": {
        "@types/postcss-less": "^4.0.1",
        "postcss": "^8.4.4",
        "postcss-css-grid": "^0.0.2",
        "postcss-less": "^5.0.0",
        "postcss-scss": "^4.0.2"
      }
    },
    "source-map-js": {
      "version": "1.0.2",
      "resolved": "https://registry.npmjs.org/source-map-js/-/source-map-js-1.0.2.tgz",
      "integrity": "sha512-R0XvVJ9WusLiqTCEiGCmICCMplcCkIwwR11mOSD9CR5u+IXYdiseeEuXCVAjS54zqwkLcPNnmU4OeJ6tUrWhDw==",
      "dev": true
    }
  }
}
